// !$*UTF8*$!
{
	archiveVersion = 1;
	classes = {
	};
	objectVersion = 50;
	objects = {

/* Begin PBXBuildFile section */
		D3B7984F273B50BD0001CDC8 /* AppDelegate.swift in Sources */ = {isa = PBXBuildFile; fileRef = D3B7984E273B50BD0001CDC8 /* AppDelegate.swift */; };
		D3B79851273B50BD0001CDC8 /* SceneDelegate.swift in Sources */ = {isa = PBXBuildFile; fileRef = D3B79850273B50BD0001CDC8 /* SceneDelegate.swift */; };
		D3B79853273B50BD0001CDC8 /* ViewController.swift in Sources */ = {isa = PBXBuildFile; fileRef = D3B79852273B50BD0001CDC8 /* ViewController.swift */; };
		D3B79856273B50BD0001CDC8 /* Main.storyboard in Resources */ = {isa = PBXBuildFile; fileRef = D3B79854273B50BD0001CDC8 /* Main.storyboard */; };
		D3B79858273B50C00001CDC8 /* Assets.xcassets in Resources */ = {isa = PBXBuildFile; fileRef = D3B79857273B50C00001CDC8 /* Assets.xcassets */; };
		D3B7985B273B50C00001CDC8 /* LaunchScreen.storyboard in Resources */ = {isa = PBXBuildFile; fileRef = D3B79859273B50C00001CDC8 /* LaunchScreen.storyboard */; };
		D3B79866273B50C00001CDC8 /* RandomPhotoTests.swift in Sources */ = {isa = PBXBuildFile; fileRef = D3B79865273B50C00001CDC8 /* RandomPhotoTests.swift */; };
		D3B79871273B50C00001CDC8 /* RandomPhotoUITests.swift in Sources */ = {isa = PBXBuildFile; fileRef = D3B79870273B50C00001CDC8 /* RandomPhotoUITests.swift */; };
/* End PBXBuildFile section */

/* Begin PBXContainerItemProxy section */
		D3B79862273B50C00001CDC8 /* PBXContainerItemProxy */ = {
			isa = PBXContainerItemProxy;
			containerPortal = D3B79843273B50BD0001CDC8 /* Project object */;
			proxyType = 1;
			remoteGlobalIDString = D3B7984A273B50BD0001CDC8;
			remoteInfo = RandomPhoto;
		};
		D3B7986D273B50C00001CDC8 /* PBXContainerItemProxy */ = {
			isa = PBXContainerItemProxy;
			containerPortal = D3B79843273B50BD0001CDC8 /* Project object */;
			proxyType = 1;
			remoteGlobalIDString = D3B7984A273B50BD0001CDC8;
			remoteInfo = RandomPhoto;
		};
/* End PBXContainerItemProxy section */

/* Begin PBXFileReference section */
		D3B7984B273B50BD0001CDC8 /* RandomPhoto.app */ = {isa = PBXFileReference; explicitFileType = wrapper.application; includeInIndex = 0; path = RandomPhoto.app; sourceTree = BUILT_PRODUCTS_DIR; };
		D3B7984E273B50BD0001CDC8 /* AppDelegate.swift */ = {isa = PBXFileReference; lastKnownFileType = sourcecode.swift; path = AppDelegate.swift; sourceTree = "<group>"; };
		D3B79850273B50BD0001CDC8 /* SceneDelegate.swift */ = {isa = PBXFileReference; lastKnownFileType = sourcecode.swift; path = SceneDelegate.swift; sourceTree = "<group>"; };
		D3B79852273B50BD0001CDC8 /* ViewController.swift */ = {isa = PBXFileReference; lastKnownFileType = sourcecode.swift; path = ViewController.swift; sourceTree = "<group>"; };
		D3B79855273B50BD0001CDC8 /* Base */ = {isa = PBXFileReference; lastKnownFileType = file.storyboard; name = Base; path = Base.lproj/Main.storyboard; sourceTree = "<group>"; };
		D3B79857273B50C00001CDC8 /* Assets.xcassets */ = {isa = PBXFileReference; lastKnownFileType = folder.assetcatalog; path = Assets.xcassets; sourceTree = "<group>"; };
		D3B7985A273B50C00001CDC8 /* Base */ = {isa = PBXFileReference; lastKnownFileType = file.storyboard; name = Base; path = Base.lproj/LaunchScreen.storyboard; sourceTree = "<group>"; };
		D3B7985C273B50C00001CDC8 /* Info.plist */ = {isa = PBXFileReference; lastKnownFileType = text.plist.xml; path = Info.plist; sourceTree = "<group>"; };
		D3B79861273B50C00001CDC8 /* RandomPhotoTests.xctest */ = {isa = PBXFileReference; explicitFileType = wrapper.cfbundle; includeInIndex = 0; path = RandomPhotoTests.xctest; sourceTree = BUILT_PRODUCTS_DIR; };
		D3B79865273B50C00001CDC8 /* RandomPhotoTests.swift */ = {isa = PBXFileReference; lastKnownFileType = sourcecode.swift; path = RandomPhotoTests.swift; sourceTree = "<group>"; };
		D3B79867273B50C00001CDC8 /* Info.plist */ = {isa = PBXFileReference; lastKnownFileType = text.plist.xml; path = Info.plist; sourceTree = "<group>"; };
		D3B7986C273B50C00001CDC8 /* RandomPhotoUITests.xctest */ = {isa = PBXFileReference; explicitFileType = wrapper.cfbundle; includeInIndex = 0; path = RandomPhotoUITests.xctest; sourceTree = BUILT_PRODUCTS_DIR; };
		D3B79870273B50C00001CDC8 /* RandomPhotoUITests.swift */ = {isa = PBXFileReference; lastKnownFileType = sourcecode.swift; path = RandomPhotoUITests.swift; sourceTree = "<group>"; };
		D3B79872273B50C00001CDC8 /* Info.plist */ = {isa = PBXFileReference; lastKnownFileType = text.plist.xml; path = Info.plist; sourceTree = "<group>"; };
/* End PBXFileReference section */

/* Begin PBXFrameworksBuildPhase section */
		D3B79848273B50BD0001CDC8 /* Frameworks */ = {
			isa = PBXFrameworksBuildPhase;
			buildActionMask = 2147483647;
			files = (
			);
			runOnlyForDeploymentPostprocessing = 0;
		};
		D3B7985E273B50C00001CDC8 /* Frameworks */ = {
			isa = PBXFrameworksBuildPhase;
			buildActionMask = 2147483647;
			files = (
			);
			runOnlyForDeploymentPostprocessing = 0;
		};
		D3B79869273B50C00001CDC8 /* Frameworks */ = {
			isa = PBXFrameworksBuildPhase;
			buildActionMask = 2147483647;
			files = (
			);
			runOnlyForDeploymentPostprocessing = 0;
		};
/* End PBXFrameworksBuildPhase section */

/* Begin PBXGroup section */
		D3B79842273B50BD0001CDC8 = {
			isa = PBXGroup;
			children = (
				D3B7984D273B50BD0001CDC8 /* RandomPhoto */,
				D3B79864273B50C00001CDC8 /* RandomPhotoTests */,
				D3B7986F273B50C00001CDC8 /* RandomPhotoUITests */,
				D3B7984C273B50BD0001CDC8 /* Products */,
			);
			sourceTree = "<group>";
		};
		D3B7984C273B50BD0001CDC8 /* Products */ = {
			isa = PBXGroup;
			children = (
				D3B7984B273B50BD0001CDC8 /* RandomPhoto.app */,
				D3B79861273B50C00001CDC8 /* RandomPhotoTests.xctest */,
				D3B7986C273B50C00001CDC8 /* RandomPhotoUITests.xctest */,
			);
			name = Products;
			sourceTree = "<group>";
		};
		D3B7984D273B50BD0001CDC8 /* RandomPhoto */ = {
			isa = PBXGroup;
			children = (
				D3B7984E273B50BD0001CDC8 /* AppDelegate.swift */,
				D3B79850273B50BD0001CDC8 /* SceneDelegate.swift */,
				D3B79852273B50BD0001CDC8 /* ViewController.swift */,
				D3B79854273B50BD0001CDC8 /* Main.storyboard */,
				D3B79857273B50C00001CDC8 /* Assets.xcassets */,
				D3B79859273B50C00001CDC8 /* LaunchScreen.storyboard */,
				D3B7985C273B50C00001CDC8 /* Info.plist */,
			);
			path = RandomPhoto;
			sourceTree = "<group>";
		};
		D3B79864273B50C00001CDC8 /* RandomPhotoTests */ = {
			isa = PBXGroup;
			children = (
				D3B79865273B50C00001CDC8 /* RandomPhotoTests.swift */,
				D3B79867273B50C00001CDC8 /* Info.plist */,
			);
			path = RandomPhotoTests;
			sourceTree = "<group>";
		};
		D3B7986F273B50C00001CDC8 /* RandomPhotoUITests */ = {
			isa = PBXGroup;
			children = (
				D3B79870273B50C00001CDC8 /* RandomPhotoUITests.swift */,
				D3B79872273B50C00001CDC8 /* Info.plist */,
			);
			path = RandomPhotoUITests;
			sourceTree = "<group>";
		};
/* End PBXGroup section */

/* Begin PBXNativeTarget section */
		D3B7984A273B50BD0001CDC8 /* RandomPhoto */ = {
			isa = PBXNativeTarget;
			buildConfigurationList = D3B79875273B50C00001CDC8 /* Build configuration list for PBXNativeTarget "RandomPhoto" */;
			buildPhases = (
				D3B79847273B50BD0001CDC8 /* Sources */,
				D3B79848273B50BD0001CDC8 /* Frameworks */,
				D3B79849273B50BD0001CDC8 /* Resources */,
			);
			buildRules = (
			);
			dependencies = (
			);
			name = RandomPhoto;
			productName = RandomPhoto;
			productReference = D3B7984B273B50BD0001CDC8 /* RandomPhoto.app */;
			productType = "com.apple.product-type.application";
		};
		D3B79860273B50C00001CDC8 /* RandomPhotoTests */ = {
			isa = PBXNativeTarget;
			buildConfigurationList = D3B79878273B50C00001CDC8 /* Build configuration list for PBXNativeTarget "RandomPhotoTests" */;
			buildPhases = (
				D3B7985D273B50C00001CDC8 /* Sources */,
				D3B7985E273B50C00001CDC8 /* Frameworks */,
				D3B7985F273B50C00001CDC8 /* Resources */,
			);
			buildRules = (
			);
			dependencies = (
				D3B79863273B50C00001CDC8 /* PBXTargetDependency */,
			);
			name = RandomPhotoTests;
			productName = RandomPhotoTests;
			productReference = D3B79861273B50C00001CDC8 /* RandomPhotoTests.xctest */;
			productType = "com.apple.product-type.bundle.unit-test";
		};
		D3B7986B273B50C00001CDC8 /* RandomPhotoUITests */ = {
			isa = PBXNativeTarget;
			buildConfigurationList = D3B7987B273B50C00001CDC8 /* Build configuration list for PBXNativeTarget "RandomPhotoUITests" */;
			buildPhases = (
				D3B79868273B50C00001CDC8 /* Sources */,
				D3B79869273B50C00001CDC8 /* Frameworks */,
				D3B7986A273B50C00001CDC8 /* Resources */,
			);
			buildRules = (
			);
			dependencies = (
				D3B7986E273B50C00001CDC8 /* PBXTargetDependency */,
			);
			name = RandomPhotoUITests;
			productName = RandomPhotoUITests;
			productReference = D3B7986C273B50C00001CDC8 /* RandomPhotoUITests.xctest */;
			productType = "com.apple.product-type.bundle.ui-testing";
		};
/* End PBXNativeTarget section */

/* Begin PBXProject section */
		D3B79843273B50BD0001CDC8 /* Project object */ = {
			isa = PBXProject;
			attributes = {
				LastSwiftUpdateCheck = 1250;
				LastUpgradeCheck = 1250;
				TargetAttributes = {
					D3B7984A273B50BD0001CDC8 = {
						CreatedOnToolsVersion = 12.5;
					};
					D3B79860273B50C00001CDC8 = {
						CreatedOnToolsVersion = 12.5;
						TestTargetID = D3B7984A273B50BD0001CDC8;
					};
					D3B7986B273B50C00001CDC8 = {
						CreatedOnToolsVersion = 12.5;
						TestTargetID = D3B7984A273B50BD0001CDC8;
					};
				};
			};
			buildConfigurationList = D3B79846273B50BD0001CDC8 /* Build configuration list for PBXProject "RandomPhoto" */;
			compatibilityVersion = "Xcode 9.3";
			developmentRegion = en;
			hasScannedForEncodings = 0;
			knownRegions = (
				en,
				Base,
			);
			mainGroup = D3B79842273B50BD0001CDC8;
			productRefGroup = D3B7984C273B50BD0001CDC8 /* Products */;
			projectDirPath = "";
			projectRoot = "";
			targets = (
				D3B7984A273B50BD0001CDC8 /* RandomPhoto */,
				D3B79860273B50C00001CDC8 /* RandomPhotoTests */,
				D3B7986B273B50C00001CDC8 /* RandomPhotoUITests */,
			);
		};
/* End PBXProject section */

/* Begin PBXResourcesBuildPhase section */
		D3B79849273B50BD0001CDC8 /* Resources */ = {
			isa = PBXResourcesBuildPhase;
			buildActionMask = 2147483647;
			files = (
				D3B7985B273B50C00001CDC8 /* LaunchScreen.storyboard in Resources */,
				D3B79858273B50C00001CDC8 /* Assets.xcassets in Resources */,
				D3B79856273B50BD0001CDC8 /* Main.storyboard in Resources */,
			);
			runOnlyForDeploymentPostprocessing = 0;
		};
		D3B7985F273B50C00001CDC8 /* Resources */ = {
			isa = PBXResourcesBuildPhase;
			buildActionMask = 2147483647;
			files = (
			);
			runOnlyForDeploymentPostprocessing = 0;
		};
		D3B7986A273B50C00001CDC8 /* Resources */ = {
			isa = PBXResourcesBuildPhase;
			buildActionMask = 2147483647;
			files = (
			);
			runOnlyForDeploymentPostprocessing = 0;
		};
/* End PBXResourcesBuildPhase section */

/* Begin PBXSourcesBuildPhase section */
		D3B79847273B50BD0001CDC8 /* Sources */ = {
			isa = PBXSourcesBuildPhase;
			buildActionMask = 2147483647;
			files = (
				D3B79853273B50BD0001CDC8 /* ViewController.swift in Sources */,
				D3B7984F273B50BD0001CDC8 /* AppDelegate.swift in Sources */,
				D3B79851273B50BD0001CDC8 /* SceneDelegate.swift in Sources */,
			);
			runOnlyForDeploymentPostprocessing = 0;
		};
		D3B7985D273B50C00001CDC8 /* Sources */ = {
			isa = PBXSourcesBuildPhase;
			buildActionMask = 2147483647;
			files = (
				D3B79866273B50C00001CDC8 /* RandomPhotoTests.swift in Sources */,
			);
			runOnlyForDeploymentPostprocessing = 0;
		};
		D3B79868273B50C00001CDC8 /* Sources */ = {
			isa = PBXSourcesBuildPhase;
			buildActionMask = 2147483647;
			files = (
				D3B79871273B50C00001CDC8 /* RandomPhotoUITests.swift in Sources */,
			);
			runOnlyForDeploymentPostprocessing = 0;
		};
/* End PBXSourcesBuildPhase section */

/* Begin PBXTargetDependency section */
		D3B79863273B50C00001CDC8 /* PBXTargetDependency */ = {
			isa = PBXTargetDependency;
			target = D3B7984A273B50BD0001CDC8 /* RandomPhoto */;
			targetProxy = D3B79862273B50C00001CDC8 /* PBXContainerItemProxy */;
		};
		D3B7986E273B50C00001CDC8 /* PBXTargetDependency */ = {
			isa = PBXTargetDependency;
			target = D3B7984A273B50BD0001CDC8 /* RandomPhoto */;
			targetProxy = D3B7986D273B50C00001CDC8 /* PBXContainerItemProxy */;
		};
/* End PBXTargetDependency section */

/* Begin PBXVariantGroup section */
		D3B79854273B50BD0001CDC8 /* Main.storyboard */ = {
			isa = PBXVariantGroup;
			children = (
				D3B79855273B50BD0001CDC8 /* Base */,
			);
			name = Main.storyboard;
			sourceTree = "<group>";
		};
		D3B79859273B50C00001CDC8 /* LaunchScreen.storyboard */ = {
			isa = PBXVariantGroup;
			children = (
				D3B7985A273B50C00001CDC8 /* Base */,
			);
			name = LaunchScreen.storyboard;
			sourceTree = "<group>";
		};
/* End PBXVariantGroup section */

/* Begin XCBuildConfiguration section */
		D3B79873273B50C00001CDC8 /* Debug */ = {
			isa = XCBuildConfiguration;
			buildSettings = {
				ALWAYS_SEARCH_USER_PATHS = NO;
				CLANG_ANALYZER_NONNULL = YES;
				CLANG_ANALYZER_NUMBER_OBJECT_CONVERSION = YES_AGGRESSIVE;
				CLANG_CXX_LANGUAGE_STANDARD = "gnu++14";
				CLANG_CXX_LIBRARY = "libc++";
				CLANG_ENABLE_MODULES = YES;
				CLANG_ENABLE_OBJC_ARC = YES;
				CLANG_ENABLE_OBJC_WEAK = YES;
				CLANG_WARN_BLOCK_CAPTURE_AUTORELEASING = YES;
				CLANG_WARN_BOOL_CONVERSION = YES;
				CLANG_WARN_COMMA = YES;
				CLANG_WARN_CONSTANT_CONVERSION = YES;
				CLANG_WARN_DEPRECATED_OBJC_IMPLEMENTATIONS = YES;
				CLANG_WARN_DIRECT_OBJC_ISA_USAGE = YES_ERROR;
				CLANG_WARN_DOCUMENTATION_COMMENTS = YES;
				CLANG_WARN_EMPTY_BODY = YES;
				CLANG_WARN_ENUM_CONVERSION = YES;
				CLANG_WARN_INFINITE_RECURSION = YES;
				CLANG_WARN_INT_CONVERSION = YES;
				CLANG_WARN_NON_LITERAL_NULL_CONVERSION = YES;
				CLANG_WARN_OBJC_IMPLICIT_RETAIN_SELF = YES;
				CLANG_WARN_OBJC_LITERAL_CONVERSION = YES;
				CLANG_WARN_OBJC_ROOT_CLASS = YES_ERROR;
				CLANG_WARN_QUOTED_INCLUDE_IN_FRAMEWORK_HEADER = YES;
				CLANG_WARN_RANGE_LOOP_ANALYSIS = YES;
				CLANG_WARN_STRICT_PROTOTYPES = YES;
				CLANG_WARN_SUSPICIOUS_MOVE = YES;
				CLANG_WARN_UNGUARDED_AVAILABILITY = YES_AGGRESSIVE;
				CLANG_WARN_UNREACHABLE_CODE = YES;
				CLANG_WARN__DUPLICATE_METHOD_MATCH = YES;
				COPY_PHASE_STRIP = NO;
				DEBUG_INFORMATION_FORMAT = dwarf;
				ENABLE_STRICT_OBJC_MSGSEND = YES;
				ENABLE_TESTABILITY = YES;
				GCC_C_LANGUAGE_STANDARD = gnu11;
				GCC_DYNAMIC_NO_PIC = NO;
				GCC_NO_COMMON_BLOCKS = YES;
				GCC_OPTIMIZATION_LEVEL = 0;
				GCC_PREPROCESSOR_DEFINITIONS = (
					"DEBUG=1",
					"$(inherited)",
				);
				GCC_WARN_64_TO_32_BIT_CONVERSION = YES;
				GCC_WARN_ABOUT_RETURN_TYPE = YES_ERROR;
				GCC_WARN_UNDECLARED_SELECTOR = YES;
				GCC_WARN_UNINITIALIZED_AUTOS = YES_AGGRESSIVE;
				GCC_WARN_UNUSED_FUNCTION = YES;
				GCC_WARN_UNUSED_VARIABLE = YES;
				IPHONEOS_DEPLOYMENT_TARGET = 14.5;
				MTL_ENABLE_DEBUG_INFO = INCLUDE_SOURCE;
				MTL_FAST_MATH = YES;
				ONLY_ACTIVE_ARCH = YES;
				SDKROOT = iphoneos;
				SWIFT_ACTIVE_COMPILATION_CONDITIONS = DEBUG;
				SWIFT_OPTIMIZATION_LEVEL = "-Onone";
			};
			name = Debug;
		};
		D3B79874273B50C00001CDC8 /* Release */ = {
			isa = XCBuildConfiguration;
			buildSettings = {
				ALWAYS_SEARCH_USER_PATHS = NO;
				CLANG_ANALYZER_NONNULL = YES;
				CLANG_ANALYZER_NUMBER_OBJECT_CONVERSION = YES_AGGRESSIVE;
				CLANG_CXX_LANGUAGE_STANDARD = "gnu++14";
				CLANG_CXX_LIBRARY = "libc++";
				CLANG_ENABLE_MODULES = YES;
				CLANG_ENABLE_OBJC_ARC = YES;
				CLANG_ENABLE_OBJC_WEAK = YES;
				CLANG_WARN_BLOCK_CAPTURE_AUTORELEASING = YES;
				CLANG_WARN_BOOL_CONVERSION = YES;
				CLANG_WARN_COMMA = YES;
				CLANG_WARN_CONSTANT_CONVERSION = YES;
				CLANG_WARN_DEPRECATED_OBJC_IMPLEMENTATIONS = YES;
				CLANG_WARN_DIRECT_OBJC_ISA_USAGE = YES_ERROR;
				CLANG_WARN_DOCUMENTATION_COMMENTS = YES;
				CLANG_WARN_EMPTY_BODY = YES;
				CLANG_WARN_ENUM_CONVERSION = YES;
				CLANG_WARN_INFINITE_RECURSION = YES;
				CLANG_WARN_INT_CONVERSION = YES;
				CLANG_WARN_NON_LITERAL_NULL_CONVERSION = YES;
				CLANG_WARN_OBJC_IMPLICIT_RETAIN_SELF = YES;
				CLANG_WARN_OBJC_LITERAL_CONVERSION = YES;
				CLANG_WARN_OBJC_ROOT_CLASS = YES_ERROR;
				CLANG_WARN_QUOTED_INCLUDE_IN_FRAMEWORK_HEADER = YES;
				CLANG_WARN_RANGE_LOOP_ANALYSIS = YES;
				CLANG_WARN_STRICT_PROTOTYPES = YES;
				CLANG_WARN_SUSPICIOUS_MOVE = YES;
				CLANG_WARN_UNGUARDED_AVAILABILITY = YES_AGGRESSIVE;
				CLANG_WARN_UNREACHABLE_CODE = YES;
				CLANG_WARN__DUPLICATE_METHOD_MATCH = YES;
				COPY_PHASE_STRIP = NO;
				DEBUG_INFORMATION_FORMAT = "dwarf-with-dsym";
				ENABLE_NS_ASSERTIONS = NO;
				ENABLE_STRICT_OBJC_MSGSEND = YES;
				GCC_C_LANGUAGE_STANDARD = gnu11;
				GCC_NO_COMMON_BLOCKS = YES;
				GCC_WARN_64_TO_32_BIT_CONVERSION = YES;
				GCC_WARN_ABOUT_RETURN_TYPE = YES_ERROR;
				GCC_WARN_UNDECLARED_SELECTOR = YES;
				GCC_WARN_UNINITIALIZED_AUTOS = YES_AGGRESSIVE;
				GCC_WARN_UNUSED_FUNCTION = YES;
				GCC_WARN_UNUSED_VARIABLE = YES;
				IPHONEOS_DEPLOYMENT_TARGET = 14.5;
				MTL_ENABLE_DEBUG_INFO = NO;
				MTL_FAST_MATH = YES;
				SDKROOT = iphoneos;
				SWIFT_COMPILATION_MODE = wholemodule;
				SWIFT_OPTIMIZATION_LEVEL = "-O";
				VALIDATE_PRODUCT = YES;
			};
			name = Release;
		};
		D3B79876273B50C00001CDC8 /* Debug */ = {
			isa = XCBuildConfiguration;
			buildSettings = {
				ASSETCATALOG_COMPILER_APPICON_NAME = AppIcon;
				ASSETCATALOG_COMPILER_GLOBAL_ACCENT_COLOR_NAME = AccentColor;
				CODE_SIGN_STYLE = Automatic;
				DEVELOPMENT_TEAM = VZ576M3233;
				INFOPLIST_FILE = RandomPhoto/Info.plist;
				LD_RUNPATH_SEARCH_PATHS = (
					"$(inherited)",
					"@executable_path/Frameworks",
				);
				PRODUCT_BUNDLE_IDENTIFIER = com.lexi.RandomPhoto;
				PRODUCT_NAME = "$(TARGET_NAME)";
				SWIFT_VERSION = 5.0;
				TARGETED_DEVICE_FAMILY = "1,2";
			};
			name = Debug;
		};
		D3B79877273B50C00001CDC8 /* Release */ = {
			isa = XCBuildConfiguration;
			buildSettings = {
				ASSETCATALOG_COMPILER_APPICON_NAME = AppIcon;
				ASSETCATALOG_COMPILER_GLOBAL_ACCENT_COLOR_NAME = AccentColor;
				CODE_SIGN_STYLE = Automatic;
				DEVELOPMENT_TEAM = VZ576M3233;
				INFOPLIST_FILE = RandomPhoto/Info.plist;
				LD_RUNPATH_SEARCH_PATHS = (
					"$(inherited)",
					"@executable_path/Frameworks",
				);
				PRODUCT_BUNDLE_IDENTIFIER = com.lexi.RandomPhoto;
				PRODUCT_NAME = "$(TARGET_NAME)";
				SWIFT_VERSION = 5.0;
				TARGETED_DEVICE_FAMILY = "1,2";
			};
			name = Release;
		};
		D3B79879273B50C00001CDC8 /* Debug */ = {
			isa = XCBuildConfiguration;
			buildSettings = {
				ALWAYS_EMBED_SWIFT_STANDARD_LIBRARIES = YES;
				BUNDLE_LOADER = "$(TEST_HOST)";
				CODE_SIGN_STYLE = Automatic;
				DEVELOPMENT_TEAM = VZ576M3233;
				INFOPLIST_FILE = RandomPhotoTests/Info.plist;
				IPHONEOS_DEPLOYMENT_TARGET = 14.5;
				LD_RUNPATH_SEARCH_PATHS = (
					"$(inherited)",
					"@executable_path/Frameworks",
					"@loader_path/Frameworks",
				);
				PRODUCT_BUNDLE_IDENTIFIER = com.lexi.RandomPhotoTests;
				PRODUCT_NAME = "$(TARGET_NAME)";
				SWIFT_VERSION = 5.0;
				TARGETED_DEVICE_FAMILY = "1,2";
				TEST_HOST = "$(BUILT_PRODUCTS_DIR)/RandomPhoto.app/RandomPhoto";
			};
			name = Debug;
		};
		D3B7987A273B50C00001CDC8 /* Release */ = {
			isa = XCBuildConfiguration;
			buildSettings = {
				ALWAYS_EMBED_SWIFT_STANDARD_LIBRARIES = YES;
				BUNDLE_LOADER = "$(TEST_HOST)";
				CODE_SIGN_STYLE = Automatic;
				DEVELOPMENT_TEAM = VZ576M3233;
				INFOPLIST_FILE = RandomPhotoTests/Info.plist;
				IPHONEOS_DEPLOYMENT_TARGET = 14.5;
				LD_RUNPATH_SEARCH_PATHS = (
					"$(inherited)",
					"@executable_path/Frameworks",
					"@loader_path/Frameworks",
				);
				PRODUCT_BUNDLE_IDENTIFIER = com.lexi.RandomPhotoTests;
				PRODUCT_NAME = "$(TARGET_NAME)";
				SWIFT_VERSION = 5.0;
				TARGETED_DEVICE_FAMILY = "1,2";
				TEST_HOST = "$(BUILT_PRODUCTS_DIR)/RandomPhoto.app/RandomPhoto";
			};
			name = Release;
		};
		D3B7987C273B50C00001CDC8 /* Debug */ = {
			isa = XCBuildConfiguration;
			buildSettings = {
				ALWAYS_EMBED_SWIFT_STANDARD_LIBRARIES = YES;
				CODE_SIGN_STYLE = Automatic;
				DEVELOPMENT_TEAM = VZ576M3233;
				INFOPLIST_FILE = RandomPhotoUITests/Info.plist;
				LD_RUNPATH_SEARCH_PATHS = (
					"$(inherited)",
					"@executable_path/Frameworks",
					"@loader_path/Frameworks",
				);
				PRODUCT_BUNDLE_IDENTIFIER = com.lexi.RandomPhotoUITests;
				PRODUCT_NAME = "$(TARGET_NAME)";
				SWIFT_VERSION = 5.0;
				TARGETED_DEVICE_FAMILY = "1,2";
				TEST_TARGET_NAME = RandomPhoto;
			};
			name = Debug;
		};
		D3B7987D273B50C00001CDC8 /* Release */ = {
			isa = XCBuildConfiguration;
			buildSettings = {
				ALWAYS_EMBED_SWIFT_STANDARD_LIBRARIES = YES;
				CODE_SIGN_STYLE = Automatic;
				DEVELOPMENT_TEAM = VZ576M3233;
				INFOPLIST_FILE = RandomPhotoUITests/Info.plist;
				LD_RUNPATH_SEARCH_PATHS = (
					"$(inherited)",
					"@executable_path/Frameworks",
					"@loader_path/Frameworks",
				);
				PRODUCT_BUNDLE_IDENTIFIER = com.lexi.RandomPhotoUITests;
				PRODUCT_NAME = "$(TARGET_NAME)";
				SWIFT_VERSION = 5.0;
				TARGETED_DEVICE_FAMILY = "1,2";
				TEST_TARGET_NAME = RandomPhoto;
			};
			name = Release;
		};
/* End XCBuildConfiguration section */

/* Begin XCConfigurationList section */
		D3B79846273B50BD0001CDC8 /* Build configuration list for PBXProject "RandomPhoto" */ = {
			isa = XCConfigurationList;
			buildConfigurations = (
				D3B79873273B50C00001CDC8 /* Debug */,
				D3B79874273B50C00001CDC8 /* Release */,
			);
			defaultConfigurationIsVisible = 0;
			defaultConfigurationName = Release;
		};
		D3B79875273B50C00001CDC8 /* Build configuration list for PBXNativeTarget "RandomPhoto" */ = {
			isa = XCConfigurationList;
			buildConfigurations = (
				D3B79876273B50C00001CDC8 /* Debug */,
				D3B79877273B50C00001CDC8 /* Release */,
			);
			defaultConfigurationIsVisible = 0;
			defaultConfigurationName = Release;
		};
		D3B79878273B50C00001CDC8 /* Build configuration list for PBXNativeTarget "RandomPhotoTests" */ = {
			isa = XCConfigurationList;
			buildConfigurations = (
				D3B79879273B50C00001CDC8 /* Debug */,
				D3B7987A273B50C00001CDC8 /* Release */,
			);
			defaultConfigurationIsVisible = 0;
			defaultConfigurationName = Release;
		};
		D3B7987B273B50C00001CDC8 /* Build configuration list for PBXNativeTarget "RandomPhotoUITests" */ = {
			isa = XCConfigurationList;
			buildConfigurations = (
				D3B7987C273B50C00001CDC8 /* Debug */,
				D3B7987D273B50C00001CDC8 /* Release */,
			);
			defaultConfigurationIsVisible = 0;
			defaultConfigurationName = Release;
		};
/* End XCConfigurationList section */
	};
	rootObject = D3B79843273B50BD0001CDC8 /* Project object */;
}
